// !$*UTF8*$!
{
	archiveVersion = 1;
	classes = {
	};
	objectVersion = 56;
	objects = {

/* Begin PBXBuildFile section */
		188DE5CD2BD7A2A400B41403 /* AppDelegate.swift in Sources */ = {isa = PBXBuildFile; fileRef = 188DE5CC2BD7A2A400B41403 /* AppDelegate.swift */; };
		188DE5CF2BD7A2A400B41403 /* SceneDelegate.swift in Sources */ = {isa = PBXBuildFile; fileRef = 188DE5CE2BD7A2A400B41403 /* SceneDelegate.swift */; };
		188DE5D62BD7A2A700B41403 /* Assets.xcassets in Resources */ = {isa = PBXBuildFile; fileRef = 188DE5D52BD7A2A700B41403 /* Assets.xcassets */; };
		188DE5D92BD7A2A700B41403 /* LaunchScreen.storyboard in Resources */ = {isa = PBXBuildFile; fileRef = 188DE5D72BD7A2A700B41403 /* LaunchScreen.storyboard */; };
		188DE5E42BD7A32D00B41403 /* AuthoViewController.swift in Sources */ = {isa = PBXBuildFile; fileRef = 188DE5E32BD7A32D00B41403 /* AuthoViewController.swift */; };
		188DE5E72BD7A3AB00B41403 /* UserSessionManager.swift in Sources */ = {isa = PBXBuildFile; fileRef = 188DE5E62BD7A3AB00B41403 /* UserSessionManager.swift */; };
		188DE5FA2BD843E100B41403 /* AuthoView.swift in Sources */ = {isa = PBXBuildFile; fileRef = 188DE5F92BD843E100B41403 /* AuthoView.swift */; };
		188DE5FC2BD8440700B41403 /* AuthoModel.swift in Sources */ = {isa = PBXBuildFile; fileRef = 188DE5FB2BD8440700B41403 /* AuthoModel.swift */; };
		188DE5FF2BD8447D00B41403 /* SplashViewController.swift in Sources */ = {isa = PBXBuildFile; fileRef = 188DE5FE2BD8447D00B41403 /* SplashViewController.swift */; };
		188DE6022BD844D000B41403 /* HomeViewController.swift in Sources */ = {isa = PBXBuildFile; fileRef = 188DE6012BD844D000B41403 /* HomeViewController.swift */; };
/* End PBXBuildFile section */

/* Begin PBXFileReference section */
		188DE5C92BD7A2A400B41403 /* cofeeHome.app */ = {isa = PBXFileReference; explicitFileType = wrapper.application; includeInIndex = 0; path = cofeeHome.app; sourceTree = BUILT_PRODUCTS_DIR; };
		188DE5CC2BD7A2A400B41403 /* AppDelegate.swift */ = {isa = PBXFileReference; lastKnownFileType = sourcecode.swift; path = AppDelegate.swift; sourceTree = "<group>"; };
		188DE5CE2BD7A2A400B41403 /* SceneDelegate.swift */ = {isa = PBXFileReference; lastKnownFileType = sourcecode.swift; path = SceneDelegate.swift; sourceTree = "<group>"; };
		188DE5D52BD7A2A700B41403 /* Assets.xcassets */ = {isa = PBXFileReference; lastKnownFileType = folder.assetcatalog; path = Assets.xcassets; sourceTree = "<group>"; };
		188DE5D82BD7A2A700B41403 /* Base */ = {isa = PBXFileReference; lastKnownFileType = file.storyboard; name = Base; path = Base.lproj/LaunchScreen.storyboard; sourceTree = "<group>"; };
		188DE5DA2BD7A2A700B41403 /* Info.plist */ = {isa = PBXFileReference; lastKnownFileType = text.plist.xml; path = Info.plist; sourceTree = "<group>"; };
		188DE5E32BD7A32D00B41403 /* AuthoViewController.swift */ = {isa = PBXFileReference; lastKnownFileType = sourcecode.swift; path = AuthoViewController.swift; sourceTree = "<group>"; };
		188DE5E62BD7A3AB00B41403 /* UserSessionManager.swift */ = {isa = PBXFileReference; lastKnownFileType = sourcecode.swift; path = UserSessionManager.swift; sourceTree = "<group>"; };
		188DE5F92BD843E100B41403 /* AuthoView.swift */ = {isa = PBXFileReference; lastKnownFileType = sourcecode.swift; path = AuthoView.swift; sourceTree = "<group>"; };
		188DE5FB2BD8440700B41403 /* AuthoModel.swift */ = {isa = PBXFileReference; lastKnownFileType = sourcecode.swift; path = AuthoModel.swift; sourceTree = "<group>"; };
		188DE5FE2BD8447D00B41403 /* SplashViewController.swift */ = {isa = PBXFileReference; lastKnownFileType = sourcecode.swift; path = SplashViewController.swift; sourceTree = "<group>"; };
		188DE6012BD844D000B41403 /* HomeViewController.swift */ = {isa = PBXFileReference; lastKnownFileType = sourcecode.swift; path = HomeViewController.swift; sourceTree = "<group>"; };
/* End PBXFileReference section */

/* Begin PBXFrameworksBuildPhase section */
		188DE5C62BD7A2A400B41403 /* Frameworks */ = {
			isa = PBXFrameworksBuildPhase;
			buildActionMask = 2147483647;
			files = (
			);
			runOnlyForDeploymentPostprocessing = 0;
		};
/* End PBXFrameworksBuildPhase section */

/* Begin PBXGroup section */
		188DE5C02BD7A2A400B41403 = {
			isa = PBXGroup;
			children = (
				188DE5CB2BD7A2A400B41403 /* cofeeHome */,
				188DE5CA2BD7A2A400B41403 /* Products */,
			);
			sourceTree = "<group>";
		};
		188DE5CA2BD7A2A400B41403 /* Products */ = {
			isa = PBXGroup;
			children = (
				188DE5C92BD7A2A400B41403 /* cofeeHome.app */,
			);
			name = Products;
			sourceTree = "<group>";
		};
		188DE5CB2BD7A2A400B41403 /* cofeeHome */ = {
			isa = PBXGroup;
			children = (
				188DE5E02BD7A2C300B41403 /* App */,
				188DE5E12BD7A2D300B41403 /* Model */,
				188DE5FD2BD8446400B41403 /* Splash */,
				188DE5E22BD7A2E000B41403 /* Views */,
				188DE6002BD844B800B41403 /* Home */,
				188DE5D52BD7A2A700B41403 /* Assets.xcassets */,
				188DE5D72BD7A2A700B41403 /* LaunchScreen.storyboard */,
				188DE5DA2BD7A2A700B41403 /* Info.plist */,
			);
			path = cofeeHome;
			sourceTree = "<group>";
		};
		188DE5E02BD7A2C300B41403 /* App */ = {
			isa = PBXGroup;
			children = (
				188DE5CC2BD7A2A400B41403 /* AppDelegate.swift */,
				188DE5CE2BD7A2A400B41403 /* SceneDelegate.swift */,
			);
			path = App;
			sourceTree = "<group>";
		};
		188DE5E12BD7A2D300B41403 /* Model */ = {
			isa = PBXGroup;
			children = (
				188DE5E62BD7A3AB00B41403 /* UserSessionManager.swift */,
			);
			path = Model;
			sourceTree = "<group>";
		};
		188DE5E22BD7A2E000B41403 /* Views */ = {
			isa = PBXGroup;
			children = (
				188DE5E52BD7A33C00B41403 /* Authorization */,
			);
			path = Views;
			sourceTree = "<group>";
		};
		188DE5E52BD7A33C00B41403 /* Authorization */ = {
			isa = PBXGroup;
			children = (
				188DE5E32BD7A32D00B41403 /* AuthoViewController.swift */,
				188DE5F92BD843E100B41403 /* AuthoView.swift */,
				188DE5FB2BD8440700B41403 /* AuthoModel.swift */,
			);
			path = Authorization;
			sourceTree = "<group>";
		};
		188DE5FD2BD8446400B41403 /* Splash */ = {
			isa = PBXGroup;
			children = (
				188DE5FE2BD8447D00B41403 /* SplashViewController.swift */,
			);
			path = Splash;
			sourceTree = "<group>";
		};
		188DE6002BD844B800B41403 /* Home */ = {
			isa = PBXGroup;
			children = (
				188DE6012BD844D000B41403 /* HomeViewController.swift */,
			);
			path = Home;
			sourceTree = "<group>";
		};
/* End PBXGroup section */

/* Begin PBXNativeTarget section */
		188DE5C82BD7A2A400B41403 /* cofeeHome */ = {
			isa = PBXNativeTarget;
			buildConfigurationList = 188DE5DD2BD7A2A700B41403 /* Build configuration list for PBXNativeTarget "cofeeHome" */;
			buildPhases = (
				188DE5C52BD7A2A400B41403 /* Sources */,
				188DE5C62BD7A2A400B41403 /* Frameworks */,
				188DE5C72BD7A2A400B41403 /* Resources */,
			);
			buildRules = (
			);
			dependencies = (
			);
			name = cofeeHome;
			productName = cofeeHome;
			productReference = 188DE5C92BD7A2A400B41403 /* cofeeHome.app */;
			productType = "com.apple.product-type.application";
		};
/* End PBXNativeTarget section */

/* Begin PBXProject section */
		188DE5C12BD7A2A400B41403 /* Project object */ = {
			isa = PBXProject;
			attributes = {
				BuildIndependentTargetsInParallel = 1;
				LastSwiftUpdateCheck = 1520;
				LastUpgradeCheck = 1520;
				TargetAttributes = {
					188DE5C82BD7A2A400B41403 = {
						CreatedOnToolsVersion = 15.2;
					};
				};
			};
			buildConfigurationList = 188DE5C42BD7A2A400B41403 /* Build configuration list for PBXProject "cofeeHome" */;
			compatibilityVersion = "Xcode 14.0";
			developmentRegion = en;
			hasScannedForEncodings = 0;
			knownRegions = (
				en,
				Base,
			);
			mainGroup = 188DE5C02BD7A2A400B41403;
			productRefGroup = 188DE5CA2BD7A2A400B41403 /* Products */;
			projectDirPath = "";
			projectRoot = "";
			targets = (
				188DE5C82BD7A2A400B41403 /* cofeeHome */,
			);
		};
/* End PBXProject section */

/* Begin PBXResourcesBuildPhase section */
		188DE5C72BD7A2A400B41403 /* Resources */ = {
			isa = PBXResourcesBuildPhase;
			buildActionMask = 2147483647;
			files = (
				188DE5D92BD7A2A700B41403 /* LaunchScreen.storyboard in Resources */,
				188DE5D62BD7A2A700B41403 /* Assets.xcassets in Resources */,
			);
			runOnlyForDeploymentPostprocessing = 0;
		};
/* End PBXResourcesBuildPhase section */

/* Begin PBXSourcesBuildPhase section */
		188DE5C52BD7A2A400B41403 /* Sources */ = {
			isa = PBXSourcesBuildPhase;
			buildActionMask = 2147483647;
			files = (
				188DE5CD2BD7A2A400B41403 /* AppDelegate.swift in Sources */,
				188DE5E72BD7A3AB00B41403 /* UserSessionManager.swift in Sources */,
				188DE5E42BD7A32D00B41403 /* AuthoViewController.swift in Sources */,
				188DE6022BD844D000B41403 /* HomeViewController.swift in Sources */,
				188DE5CF2BD7A2A400B41403 /* SceneDelegate.swift in Sources */,
				188DE5FA2BD843E100B41403 /* AuthoView.swift in Sources */,
				188DE5FC2BD8440700B41403 /* AuthoModel.swift in Sources */,
				188DE5FF2BD8447D00B41403 /* SplashViewController.swift in Sources */,
			);
			runOnlyForDeploymentPostprocessing = 0;
		};
/* End PBXSourcesBuildPhase section */

/* Begin PBXVariantGroup section */
		188DE5D72BD7A2A700B41403 /* LaunchScreen.storyboard */ = {
			isa = PBXVariantGroup;
			children = (
				188DE5D82BD7A2A700B41403 /* Base */,
			);
			name = LaunchScreen.storyboard;
			sourceTree = "<group>";
		};
/* End PBXVariantGroup section */

/* Begin XCBuildConfiguration section */
		188DE5DB2BD7A2A700B41403 /* Debug */ = {
			isa = XCBuildConfiguration;
			buildSettings = {
				ALWAYS_SEARCH_USER_PATHS = NO;
				ASSETCATALOG_COMPILER_GENERATE_SWIFT_ASSET_SYMBOL_EXTENSIONS = YES;
				CLANG_ANALYZER_NONNULL = YES;
				CLANG_ANALYZER_NUMBER_OBJECT_CONVERSION = YES_AGGRESSIVE;
				CLANG_CXX_LANGUAGE_STANDARD = "gnu++20";
				CLANG_ENABLE_MODULES = YES;
				CLANG_ENABLE_OBJC_ARC = YES;
				CLANG_ENABLE_OBJC_WEAK = YES;
				CLANG_WARN_BLOCK_CAPTURE_AUTORELEASING = YES;
				CLANG_WARN_BOOL_CONVERSION = YES;
				CLANG_WARN_COMMA = YES;
				CLANG_WARN_CONSTANT_CONVERSION = YES;
				CLANG_WARN_DEPRECATED_OBJC_IMPLEMENTATIONS = YES;
				CLANG_WARN_DIRECT_OBJC_ISA_USAGE = YES_ERROR;
				CLANG_WARN_DOCUMENTATION_COMMENTS = YES;
				CLANG_WARN_EMPTY_BODY = YES;
				CLANG_WARN_ENUM_CONVERSION = YES;
				CLANG_WARN_INFINITE_RECURSION = YES;
				CLANG_WARN_INT_CONVERSION = YES;
				CLANG_WARN_NON_LITERAL_NULL_CONVERSION = YES;
				CLANG_WARN_OBJC_IMPLICIT_RETAIN_SELF = YES;
				CLANG_WARN_OBJC_LITERAL_CONVERSION = YES;
				CLANG_WARN_OBJC_ROOT_CLASS = YES_ERROR;
				CLANG_WARN_QUOTED_INCLUDE_IN_FRAMEWORK_HEADER = YES;
				CLANG_WARN_RANGE_LOOP_ANALYSIS = YES;
				CLANG_WARN_STRICT_PROTOTYPES = YES;
				CLANG_WARN_SUSPICIOUS_MOVE = YES;
				CLANG_WARN_UNGUARDED_AVAILABILITY = YES_AGGRESSIVE;
				CLANG_WARN_UNREACHABLE_CODE = YES;
				CLANG_WARN__DUPLICATE_METHOD_MATCH = YES;
				COPY_PHASE_STRIP = NO;
				DEBUG_INFORMATION_FORMAT = dwarf;
				ENABLE_STRICT_OBJC_MSGSEND = YES;
				ENABLE_TESTABILITY = YES;
				ENABLE_USER_SCRIPT_SANDBOXING = YES;
				GCC_C_LANGUAGE_STANDARD = gnu17;
				GCC_DYNAMIC_NO_PIC = NO;
				GCC_NO_COMMON_BLOCKS = YES;
				GCC_OPTIMIZATION_LEVEL = 0;
				GCC_PREPROCESSOR_DEFINITIONS = (
					"DEBUG=1",
					"$(inherited)",
				);
				GCC_WARN_64_TO_32_BIT_CONVERSION = YES;
				GCC_WARN_ABOUT_RETURN_TYPE = YES_ERROR;
				GCC_WARN_UNDECLARED_SELECTOR = YES;
				GCC_WARN_UNINITIALIZED_AUTOS = YES_AGGRESSIVE;
				GCC_WARN_UNUSED_FUNCTION = YES;
				GCC_WARN_UNUSED_VARIABLE = YES;
				IPHONEOS_DEPLOYMENT_TARGET = 15.4;
				LOCALIZATION_PREFERS_STRING_CATALOGS = YES;
				MTL_ENABLE_DEBUG_INFO = INCLUDE_SOURCE;
				MTL_FAST_MATH = YES;
				ONLY_ACTIVE_ARCH = YES;
				SDKROOT = iphoneos;
				SWIFT_ACTIVE_COMPILATION_CONDITIONS = "DEBUG $(inherited)";
				SWIFT_OPTIMIZATION_LEVEL = "-Onone";
			};
			name = Debug;
		};
		188DE5DC2BD7A2A700B41403 /* Release */ = {
			isa = XCBuildConfiguration;
			buildSettings = {
				ALWAYS_SEARCH_USER_PATHS = NO;
				ASSETCATALOG_COMPILER_GENERATE_SWIFT_ASSET_SYMBOL_EXTENSIONS = YES;
				CLANG_ANALYZER_NONNULL = YES;
				CLANG_ANALYZER_NUMBER_OBJECT_CONVERSION = YES_AGGRESSIVE;
				CLANG_CXX_LANGUAGE_STANDARD = "gnu++20";
				CLANG_ENABLE_MODULES = YES;
				CLANG_ENABLE_OBJC_ARC = YES;
				CLANG_ENABLE_OBJC_WEAK = YES;
				CLANG_WARN_BLOCK_CAPTURE_AUTORELEASING = YES;
				CLANG_WARN_BOOL_CONVERSION = YES;
				CLANG_WARN_COMMA = YES;
				CLANG_WARN_CONSTANT_CONVERSION = YES;
				CLANG_WARN_DEPRECATED_OBJC_IMPLEMENTATIONS = YES;
				CLANG_WARN_DIRECT_OBJC_ISA_USAGE = YES_ERROR;
				CLANG_WARN_DOCUMENTATION_COMMENTS = YES;
				CLANG_WARN_EMPTY_BODY = YES;
				CLANG_WARN_ENUM_CONVERSION = YES;
				CLANG_WARN_INFINITE_RECURSION = YES;
				CLANG_WARN_INT_CONVERSION = YES;
				CLANG_WARN_NON_LITERAL_NULL_CONVERSION = YES;
				CLANG_WARN_OBJC_IMPLICIT_RETAIN_SELF = YES;
				CLANG_WARN_OBJC_LITERAL_CONVERSION = YES;
				CLANG_WARN_OBJC_ROOT_CLASS = YES_ERROR;
				CLANG_WARN_QUOTED_INCLUDE_IN_FRAMEWORK_HEADER = YES;
				CLANG_WARN_RANGE_LOOP_ANALYSIS = YES;
				CLANG_WARN_STRICT_PROTOTYPES = YES;
				CLANG_WARN_SUSPICIOUS_MOVE = YES;
				CLANG_WARN_UNGUARDED_AVAILABILITY = YES_AGGRESSIVE;
				CLANG_WARN_UNREACHABLE_CODE = YES;
				CLANG_WARN__DUPLICATE_METHOD_MATCH = YES;
				COPY_PHASE_STRIP = NO;
				DEBUG_INFORMATION_FORMAT = "dwarf-with-dsym";
				ENABLE_NS_ASSERTIONS = NO;
				ENABLE_STRICT_OBJC_MSGSEND = YES;
				ENABLE_USER_SCRIPT_SANDBOXING = YES;
				GCC_C_LANGUAGE_STANDARD = gnu17;
				GCC_NO_COMMON_BLOCKS = YES;
				GCC_WARN_64_TO_32_BIT_CONVERSION = YES;
				GCC_WARN_ABOUT_RETURN_TYPE = YES_ERROR;
				GCC_WARN_UNDECLARED_SELECTOR = YES;
				GCC_WARN_UNINITIALIZED_AUTOS = YES_AGGRESSIVE;
				GCC_WARN_UNUSED_FUNCTION = YES;
				GCC_WARN_UNUSED_VARIABLE = YES;
				IPHONEOS_DEPLOYMENT_TARGET = 15.4;
				LOCALIZATION_PREFERS_STRING_CATALOGS = YES;
				MTL_ENABLE_DEBUG_INFO = NO;
				MTL_FAST_MATH = YES;
				SDKROOT = iphoneos;
				SWIFT_COMPILATION_MODE = wholemodule;
				VALIDATE_PRODUCT = YES;
			};
			name = Release;
		};
		188DE5DE2BD7A2A700B41403 /* Debug */ = {
			isa = XCBuildConfiguration;
			buildSettings = {
				ASSETCATALOG_COMPILER_APPICON_NAME = AppIcon;
				ASSETCATALOG_COMPILER_GLOBAL_ACCENT_COLOR_NAME = AccentColor;
				CODE_SIGN_STYLE = Automatic;
				CURRENT_PROJECT_VERSION = 1;
				GENERATE_INFOPLIST_FILE = YES;
				INFOPLIST_FILE = cofeeHome/Info.plist;
				INFOPLIST_KEY_UIApplicationSupportsIndirectInputEvents = YES;
				INFOPLIST_KEY_UILaunchStoryboardName = LaunchScreen;
				INFOPLIST_KEY_UISupportedInterfaceOrientations_iPad = "UIInterfaceOrientationPortrait UIInterfaceOrientationPortraitUpsideDown UIInterfaceOrientationLandscapeLeft UIInterfaceOrientationLandscapeRight";
				INFOPLIST_KEY_UISupportedInterfaceOrientations_iPhone = "UIInterfaceOrientationPortrait UIInterfaceOrientationLandscapeLeft UIInterfaceOrientationLandscapeRight";
				LD_RUNPATH_SEARCH_PATHS = (
					"$(inherited)",
					"@executable_path/Frameworks",
				);
				MARKETING_VERSION = 1.0;
				PRODUCT_BUNDLE_IDENTIFIER = omurbekov.cofeeHome;
				PRODUCT_NAME = "$(TARGET_NAME)";
				SWIFT_EMIT_LOC_STRINGS = YES;
				SWIFT_VERSION = 5.0;
				TARGETED_DEVICE_FAMILY = "1,2";
			};
			name = Debug;
		};
		188DE5DF2BD7A2A700B41403 /* Release */ = {
			isa = XCBuildConfiguration;
			buildSettings = {
				ASSETCATALOG_COMPILER_APPICON_NAME = AppIcon;
				ASSETCATALOG_COMPILER_GLOBAL_ACCENT_COLOR_NAME = AccentColor;
				CODE_SIGN_STYLE = Automatic;
				CURRENT_PROJECT_VERSION = 1;
				GENERATE_INFOPLIST_FILE = YES;
				INFOPLIST_FILE = cofeeHome/Info.plist;
				INFOPLIST_KEY_UIApplicationSupportsIndirectInputEvents = YES;
				INFOPLIST_KEY_UILaunchStoryboardName = LaunchScreen;
				INFOPLIST_KEY_UISupportedInterfaceOrientations_iPad = "UIInterfaceOrientationPortrait UIInterfaceOrientationPortraitUpsideDown UIInterfaceOrientationLandscapeLeft UIInterfaceOrientationLandscapeRight";
				INFOPLIST_KEY_UISupportedInterfaceOrientations_iPhone = "UIInterfaceOrientationPortrait UIInterfaceOrientationLandscapeLeft UIInterfaceOrientationLandscapeRight";
				LD_RUNPATH_SEARCH_PATHS = (
					"$(inherited)",
					"@executable_path/Frameworks",
				);
				MARKETING_VERSION = 1.0;
				PRODUCT_BUNDLE_IDENTIFIER = omurbekov.cofeeHome;
				PRODUCT_NAME = "$(TARGET_NAME)";
				SWIFT_EMIT_LOC_STRINGS = YES;
				SWIFT_VERSION = 5.0;
				TARGETED_DEVICE_FAMILY = "1,2";
			};
			name = Release;
		};
/* End XCBuildConfiguration section */

/* Begin XCConfigurationList section */
		188DE5C42BD7A2A400B41403 /* Build configuration list for PBXProject "cofeeHome" */ = {
			isa = XCConfigurationList;
			buildConfigurations = (
				188DE5DB2BD7A2A700B41403 /* Debug */,
				188DE5DC2BD7A2A700B41403 /* Release */,
			);
			defaultConfigurationIsVisible = 0;
			defaultConfigurationName = Release;
		};
		188DE5DD2BD7A2A700B41403 /* Build configuration list for PBXNativeTarget "cofeeHome" */ = {
			isa = XCConfigurationList;
			buildConfigurations = (
				188DE5DE2BD7A2A700B41403 /* Debug */,
				188DE5DF2BD7A2A700B41403 /* Release */,
			);
			defaultConfigurationIsVisible = 0;
			defaultConfigurationName = Release;
		};
/* End XCConfigurationList section */
	};
	rootObject = 188DE5C12BD7A2A400B41403 /* Project object */;
}
